PODS:
  - Flutter (1.0.0)
  - Starscream (3.1.1)
  - websocket_manager (0.0.1):
    - Flutter
    - Starscream (~> 3.1.1)

DEPENDENCIES:
  - Flutter (from `Flutter`)
  - websocket_manager (from `.symlinks/plugins/websocket_manager/ios`)

SPEC REPOS:
  trunk:
    - Starscream

EXTERNAL SOURCES:
  Flutter:
    :path: Flutter
  websocket_manager:
    :path: ".symlinks/plugins/websocket_manager/ios"

SPEC CHECKSUMS:
  Flutter: 0e3d915762c693b495b44d77113d4970485de6ec
  Starscream: 4bb2f9942274833f7b4d296a55504dcfc7edb7b0
  websocket_manager: cadb93f3b88cf3f5d60fca8629824c1b50f30e1b

PODFILE CHECKSUM: c34e2287a9ccaa606aeceab922830efb9a6ff69a

COCOAPODS: 1.8.4
